
Microsoft Visual Studio Solution File, Format Version 11.00
# Visual Studio 2010
Project("{FAE04EC0-301F-11D3-BF4B-00C04F79EFBC}") = "Assembly-CSharp", "Assembly-CSharp.csproj", "{FACBCFD1-CD7A-4763-2D35-078CB7D37C08}"
EndProject
Project("{FAE04EC0-301F-11D3-BF4B-00C04F79EFBC}") = "Assembly-CSharp-firstpass", "Assembly-CSharp-firstpass.csproj", "{43A2958C-EBF3-E137-A670-D7B271C086C9}"
EndProject
Project("{FAE04EC0-301F-11D3-BF4B-00C04F79EFBC}") = "Assembly-CSharp-Editor-firstpass", "Assembly-CSharp-Editor-firstpass.csproj", "{332AB975-F38A-3415-165C-D5059FEC7E99}"
EndProject
Project("{FAE04EC0-301F-11D3-BF4B-00C04F79EFBC}") = "Assembly-CSharp-Editor", "Assembly-CSharp-Editor.csproj", "{E6E6AEA0-E4F0-9BCA-E993-26E89EF0C7D7}"
EndProject
Global
	GlobalSection(SolutionConfigurationPlatforms) = preSolution
		Debug|Any CPU = Debug|Any CPU
		Release|Any CPU = Release|Any CPU
	EndGlobalSection
	GlobalSection(ProjectConfigurationPlatforms) = postSolution
		{FACBCFD1-CD7A-4763-2D35-078CB7D37C08}.Debug|Any CPU.ActiveCfg = Debug|Any CPU
		{FACBCFD1-CD7A-4763-2D35-078CB7D37C08}.Debug|Any CPU.Build.0 = Debug|Any CPU
		{FACBCFD1-CD7A-4763-2D35-078CB7D37C08}.Release|Any CPU.ActiveCfg = Release|Any CPU
		{FACBCFD1-CD7A-4763-2D35-078CB7D37C08}.Release|Any CPU.Build.0 = Release|Any CPU
		{43A2958C-EBF3-E137-A670-D7B271C086C9}.Debug|Any CPU.ActiveCfg = Debug|Any CPU
		{43A2958C-EBF3-E137-A670-D7B271C086C9}.Debug|Any CPU.Build.0 = Debug|Any CPU
		{43A2958C-EBF3-E137-A670-D7B271C086C9}.Release|Any CPU.ActiveCfg = Release|Any CPU
		{43A2958C-EBF3-E137-A670-D7B271C086C9}.Release|Any CPU.Build.0 = Release|Any CPU
		{332AB975-F38A-3415-165C-D5059FEC7E99}.Debug|Any CPU.ActiveCfg = Debug|Any CPU
		{332AB975-F38A-3415-165C-D5059FEC7E99}.Debug|Any CPU.Build.0 = Debug|Any CPU
		{332AB975-F38A-3415-165C-D5059FEC7E99}.Release|Any CPU.ActiveCfg = Release|Any CPU
		{332AB975-F38A-3415-165C-D5059FEC7E99}.Release|Any CPU.Build.0 = Release|Any CPU
		{E6E6AEA0-E4F0-9BCA-E993-26E89EF0C7D7}.Debug|Any CPU.ActiveCfg = Debug|Any CPU
		{E6E6AEA0-E4F0-9BCA-E993-26E89EF0C7D7}.Debug|Any CPU.Build.0 = Debug|Any CPU
		{E6E6AEA0-E4F0-9BCA-E993-26E89EF0C7D7}.Release|Any CPU.ActiveCfg = Release|Any CPU
		{E6E6AEA0-E4F0-9BCA-E993-26E89EF0C7D7}.Release|Any CPU.Build.0 = Release|Any CPU
	EndGlobalSection
	GlobalSection(SolutionProperties) = preSolution
		HideSolutionNode = FALSE
	EndGlobalSection
	GlobalSection(MonoDevelopProperties) = preSolution
		StartupItem = Assembly-CSharp.csproj
	EndGlobalSection
EndGlobal
