
Microsoft Visual Studio Solution File, Format Version 12.00
# Visual Studio 15
Project("{FAE04EC0-301F-11D3-BF4B-00C04F79EFBC}") = "VR_is_Awesome5", "VR_is_Awesome5.csproj", "{B6F7D25E-28E7-2D04-4C3A-97FCDB91C969}"
EndProject
Project("{FAE04EC0-301F-11D3-BF4B-00C04F79EFBC}") = "VR_is_Awesome5.Plugins", "VR_is_Awesome5.Plugins.csproj", "{37535524-E835-E7E5-B4DD-778BA68E3B1E}"
EndProject
Project("{FAE04EC0-301F-11D3-BF4B-00C04F79EFBC}") = "VR_is_Awesome5.Editor.Plugins", "VR_is_Awesome5.Editor.Plugins.csproj", "{C76D20D5-C87B-5224-1D1D-C64683CEE63C}"
EndProject
Project("{FAE04EC0-301F-11D3-BF4B-00C04F79EFBC}") = "VR_is_Awesome5.Editor", "VR_is_Awesome5.Editor.csproj", "{7ED15329-8C09-6A30-33D4-CFD625DF9EAA}"
EndProject
Global
	GlobalSection(SolutionConfigurationPlatforms) = preSolution
		Debug|Any CPU = Debug|Any CPU
		Release|Any CPU = Release|Any CPU
	EndGlobalSection
	GlobalSection(ProjectConfigurationPlatforms) = postSolution
		{B6F7D25E-28E7-2D04-4C3A-97FCDB91C969}.Debug|Any CPU.ActiveCfg = Debug|Any CPU
		{B6F7D25E-28E7-2D04-4C3A-97FCDB91C969}.Debug|Any CPU.Build.0 = Debug|Any CPU
		{B6F7D25E-28E7-2D04-4C3A-97FCDB91C969}.Release|Any CPU.ActiveCfg = Release|Any CPU
		{B6F7D25E-28E7-2D04-4C3A-97FCDB91C969}.Release|Any CPU.Build.0 = Release|Any CPU
		{37535524-E835-E7E5-B4DD-778BA68E3B1E}.Debug|Any CPU.ActiveCfg = Debug|Any CPU
		{37535524-E835-E7E5-B4DD-778BA68E3B1E}.Debug|Any CPU.Build.0 = Debug|Any CPU
		{37535524-E835-E7E5-B4DD-778BA68E3B1E}.Release|Any CPU.ActiveCfg = Release|Any CPU
		{37535524-E835-E7E5-B4DD-778BA68E3B1E}.Release|Any CPU.Build.0 = Release|Any CPU
		{C76D20D5-C87B-5224-1D1D-C64683CEE63C}.Debug|Any CPU.ActiveCfg = Debug|Any CPU
		{C76D20D5-C87B-5224-1D1D-C64683CEE63C}.Debug|Any CPU.Build.0 = Debug|Any CPU
		{C76D20D5-C87B-5224-1D1D-C64683CEE63C}.Release|Any CPU.ActiveCfg = Release|Any CPU
		{C76D20D5-C87B-5224-1D1D-C64683CEE63C}.Release|Any CPU.Build.0 = Release|Any CPU
		{7ED15329-8C09-6A30-33D4-CFD625DF9EAA}.Debug|Any CPU.ActiveCfg = Debug|Any CPU
		{7ED15329-8C09-6A30-33D4-CFD625DF9EAA}.Debug|Any CPU.Build.0 = Debug|Any CPU
		{7ED15329-8C09-6A30-33D4-CFD625DF9EAA}.Release|Any CPU.ActiveCfg = Release|Any CPU
		{7ED15329-8C09-6A30-33D4-CFD625DF9EAA}.Release|Any CPU.Build.0 = Release|Any CPU
	EndGlobalSection
	GlobalSection(SolutionProperties) = preSolution
		HideSolutionNode = FALSE
	EndGlobalSection
EndGlobal
